PODS:
  - SwiftCharts (0.6.2)

DEPENDENCIES:
  - SwiftCharts (from `https://github.com/i-schuetz/SwiftCharts.git`)

EXTERNAL SOURCES:
  SwiftCharts:
    :git: https://github.com/i-schuetz/SwiftCharts.git

CHECKOUT OPTIONS:
  SwiftCharts:
    :commit: d1f4c580eff3b815cf9a10739ecd7bfd7474c2de
    :git: https://github.com/i-schuetz/SwiftCharts.git

SPEC CHECKSUMS:
  SwiftCharts: 2f5f10c1100bca6b57fa070af8b45fa8dd914a16

PODFILE CHECKSUM: eb5a7ab4a65bf8f5f5c5440dba4eef69b5060d86

COCOAPODS: 1.5.3
